// !$*UTF8*$!
{
	archiveVersion = 1;
	classes = {
	};
	objectVersion = 56;
	objects = {

/* Begin PBXBuildFile section */
		4E915CA729A0A0C50077575F /* AppDelegate.swift in Sources */ = {isa = PBXBuildFile; fileRef = 4E915CA629A0A0C50077575F /* AppDelegate.swift */; };
		4E915CA929A0A0C50077575F /* SceneDelegate.swift in Sources */ = {isa = PBXBuildFile; fileRef = 4E915CA829A0A0C50077575F /* SceneDelegate.swift */; };
		4E915CAB29A0A0C50077575F /* ViewController.swift in Sources */ = {isa = PBXBuildFile; fileRef = 4E915CAA29A0A0C50077575F /* ViewController.swift */; };
		4E915CAE29A0A0C50077575F /* Main.storyboard in Resources */ = {isa = PBXBuildFile; fileRef = 4E915CAC29A0A0C50077575F /* Main.storyboard */; };
		4E915CB029A0A0C70077575F /* Assets.xcassets in Resources */ = {isa = PBXBuildFile; fileRef = 4E915CAF29A0A0C70077575F /* Assets.xcassets */; };
		4E915CB329A0A0C70077575F /* LaunchScreen.storyboard in Resources */ = {isa = PBXBuildFile; fileRef = 4E915CB129A0A0C70077575F /* LaunchScreen.storyboard */; };
		4E915CC129A0A0E40077575F /* normal.png in Resources */ = {isa = PBXBuildFile; fileRef = 4E915CBB29A0A0E30077575F /* normal.png */; };
		4E915CC229A0A0E40077575F /* bmi.png in Resources */ = {isa = PBXBuildFile; fileRef = 4E915CBC29A0A0E30077575F /* bmi.png */; };
		4E915CC329A0A0E40077575F /* risk.png in Resources */ = {isa = PBXBuildFile; fileRef = 4E915CBD29A0A0E30077575F /* risk.png */; };
		4E915CC429A0A0E40077575F /* overweight.png in Resources */ = {isa = PBXBuildFile; fileRef = 4E915CBE29A0A0E30077575F /* overweight.png */; };
		4E915CC529A0A0E40077575F /* underweight.png in Resources */ = {isa = PBXBuildFile; fileRef = 4E915CBF29A0A0E40077575F /* underweight.png */; };
		4E915CC629A0A0E40077575F /* obese.png in Resources */ = {isa = PBXBuildFile; fileRef = 4E915CC029A0A0E40077575F /* obese.png */; };
/* End PBXBuildFile section */

/* Begin PBXFileReference section */
		4E915CA329A0A0C50077575F /* BMI.app */ = {isa = PBXFileReference; explicitFileType = wrapper.application; includeInIndex = 0; path = BMI.app; sourceTree = BUILT_PRODUCTS_DIR; };
		4E915CA629A0A0C50077575F /* AppDelegate.swift */ = {isa = PBXFileReference; lastKnownFileType = sourcecode.swift; path = AppDelegate.swift; sourceTree = "<group>"; };
		4E915CA829A0A0C50077575F /* SceneDelegate.swift */ = {isa = PBXFileReference; lastKnownFileType = sourcecode.swift; path = SceneDelegate.swift; sourceTree = "<group>"; };
		4E915CAA29A0A0C50077575F /* ViewController.swift */ = {isa = PBXFileReference; lastKnownFileType = sourcecode.swift; path = ViewController.swift; sourceTree = "<group>"; };
		4E915CAD29A0A0C50077575F /* Base */ = {isa = PBXFileReference; lastKnownFileType = file.storyboard; name = Base; path = Base.lproj/Main.storyboard; sourceTree = "<group>"; };
		4E915CAF29A0A0C70077575F /* Assets.xcassets */ = {isa = PBXFileReference; lastKnownFileType = folder.assetcatalog; path = Assets.xcassets; sourceTree = "<group>"; };
		4E915CB229A0A0C70077575F /* Base */ = {isa = PBXFileReference; lastKnownFileType = file.storyboard; name = Base; path = Base.lproj/LaunchScreen.storyboard; sourceTree = "<group>"; };
		4E915CB429A0A0C70077575F /* Info.plist */ = {isa = PBXFileReference; lastKnownFileType = text.plist.xml; path = Info.plist; sourceTree = "<group>"; };
		4E915CBB29A0A0E30077575F /* normal.png */ = {isa = PBXFileReference; lastKnownFileType = image.png; name = normal.png; path = ../../../../../../../Downloads/bmi/normal.png; sourceTree = "<group>"; };
		4E915CBC29A0A0E30077575F /* bmi.png */ = {isa = PBXFileReference; lastKnownFileType = image.png; name = bmi.png; path = ../../../../../../../Downloads/bmi/bmi.png; sourceTree = "<group>"; };
		4E915CBD29A0A0E30077575F /* risk.png */ = {isa = PBXFileReference; lastKnownFileType = image.png; name = risk.png; path = ../../../../../../../Downloads/bmi/risk.png; sourceTree = "<group>"; };
		4E915CBE29A0A0E30077575F /* overweight.png */ = {isa = PBXFileReference; lastKnownFileType = image.png; name = overweight.png; path = ../../../../../../../Downloads/bmi/overweight.png; sourceTree = "<group>"; };
		4E915CBF29A0A0E40077575F /* underweight.png */ = {isa = PBXFileReference; lastKnownFileType = image.png; name = underweight.png; path = ../../../../../../../Downloads/bmi/underweight.png; sourceTree = "<group>"; };
		4E915CC029A0A0E40077575F /* obese.png */ = {isa = PBXFileReference; lastKnownFileType = image.png; name = obese.png; path = ../../../../../../../Downloads/bmi/obese.png; sourceTree = "<group>"; };
/* End PBXFileReference section */

/* Begin PBXFrameworksBuildPhase section */
		4E915CA029A0A0C50077575F /* Frameworks */ = {
			isa = PBXFrameworksBuildPhase;
			buildActionMask = 2147483647;
			files = (
			);
			runOnlyForDeploymentPostprocessing = 0;
		};
/* End PBXFrameworksBuildPhase section */

/* Begin PBXGroup section */
		4E915C9A29A0A0C50077575F = {
			isa = PBXGroup;
			children = (
				4E915CA529A0A0C50077575F /* BMI */,
				4E915CA429A0A0C50077575F /* Products */,
			);
			sourceTree = "<group>";
		};
		4E915CA429A0A0C50077575F /* Products */ = {
			isa = PBXGroup;
			children = (
				4E915CA329A0A0C50077575F /* BMI.app */,
			);
			name = Products;
			sourceTree = "<group>";
		};
		4E915CA529A0A0C50077575F /* BMI */ = {
			isa = PBXGroup;
			children = (
				4E915CBA29A0A0D50077575F /* images */,
				4E915CA629A0A0C50077575F /* AppDelegate.swift */,
				4E915CA829A0A0C50077575F /* SceneDelegate.swift */,
				4E915CAA29A0A0C50077575F /* ViewController.swift */,
				4E915CAC29A0A0C50077575F /* Main.storyboard */,
				4E915CAF29A0A0C70077575F /* Assets.xcassets */,
				4E915CB129A0A0C70077575F /* LaunchScreen.storyboard */,
				4E915CB429A0A0C70077575F /* Info.plist */,
			);
			path = BMI;
			sourceTree = "<group>";
		};
		4E915CBA29A0A0D50077575F /* images */ = {
			isa = PBXGroup;
			children = (
				4E915CBC29A0A0E30077575F /* bmi.png */,
				4E915CBB29A0A0E30077575F /* normal.png */,
				4E915CC029A0A0E40077575F /* obese.png */,
				4E915CBE29A0A0E30077575F /* overweight.png */,
				4E915CBD29A0A0E30077575F /* risk.png */,
				4E915CBF29A0A0E40077575F /* underweight.png */,
			);
			path = images;
			sourceTree = "<group>";
		};
/* End PBXGroup section */

/* Begin PBXNativeTarget section */
		4E915CA229A0A0C50077575F /* BMI */ = {
			isa = PBXNativeTarget;
			buildConfigurationList = 4E915CB729A0A0C70077575F /* Build configuration list for PBXNativeTarget "BMI" */;
			buildPhases = (
				4E915C9F29A0A0C50077575F /* Sources */,
				4E915CA029A0A0C50077575F /* Frameworks */,
				4E915CA129A0A0C50077575F /* Resources */,
			);
			buildRules = (
			);
			dependencies = (
			);
			name = BMI;
			productName = BMI;
			productReference = 4E915CA329A0A0C50077575F /* BMI.app */;
			productType = "com.apple.product-type.application";
		};
/* End PBXNativeTarget section */

/* Begin PBXProject section */
		4E915C9B29A0A0C50077575F /* Project object */ = {
			isa = PBXProject;
			attributes = {
				BuildIndependentTargetsInParallel = 1;
				LastSwiftUpdateCheck = 1420;
				LastUpgradeCheck = 1420;
				TargetAttributes = {
					4E915CA229A0A0C50077575F = {
						CreatedOnToolsVersion = 14.2;
					};
				};
			};
			buildConfigurationList = 4E915C9E29A0A0C50077575F /* Build configuration list for PBXProject "BMI" */;
			compatibilityVersion = "Xcode 14.0";
			developmentRegion = en;
			hasScannedForEncodings = 0;
			knownRegions = (
				en,
				Base,
			);
			mainGroup = 4E915C9A29A0A0C50077575F;
			productRefGroup = 4E915CA429A0A0C50077575F /* Products */;
			projectDirPath = "";
			projectRoot = "";
			targets = (
				4E915CA229A0A0C50077575F /* BMI */,
			);
		};
/* End PBXProject section */

/* Begin PBXResourcesBuildPhase section */
		4E915CA129A0A0C50077575F /* Resources */ = {
			isa = PBXResourcesBuildPhase;
			buildActionMask = 2147483647;
			files = (
				4E915CC529A0A0E40077575F /* underweight.png in Resources */,
				4E915CB329A0A0C70077575F /* LaunchScreen.storyboard in Resources */,
				4E915CC229A0A0E40077575F /* bmi.png in Resources */,
				4E915CC329A0A0E40077575F /* risk.png in Resources */,
				4E915CB029A0A0C70077575F /* Assets.xcassets in Resources */,
				4E915CC129A0A0E40077575F /* normal.png in Resources */,
				4E915CAE29A0A0C50077575F /* Main.storyboard in Resources */,
				4E915CC629A0A0E40077575F /* obese.png in Resources */,
				4E915CC429A0A0E40077575F /* overweight.png in Resources */,
			);
			runOnlyForDeploymentPostprocessing = 0;
		};
/* End PBXResourcesBuildPhase section */

/* Begin PBXSourcesBuildPhase section */
		4E915C9F29A0A0C50077575F /* Sources */ = {
			isa = PBXSourcesBuildPhase;
			buildActionMask = 2147483647;
			files = (
				4E915CAB29A0A0C50077575F /* ViewController.swift in Sources */,
				4E915CA729A0A0C50077575F /* AppDelegate.swift in Sources */,
				4E915CA929A0A0C50077575F /* SceneDelegate.swift in Sources */,
			);
			runOnlyForDeploymentPostprocessing = 0;
		};
/* End PBXSourcesBuildPhase section */

/* Begin PBXVariantGroup section */
		4E915CAC29A0A0C50077575F /* Main.storyboard */ = {
			isa = PBXVariantGroup;
			children = (
				4E915CAD29A0A0C50077575F /* Base */,
			);
			name = Main.storyboard;
			sourceTree = "<group>";
		};
		4E915CB129A0A0C70077575F /* LaunchScreen.storyboard */ = {
			isa = PBXVariantGroup;
			children = (
				4E915CB229A0A0C70077575F /* Base */,
			);
			name = LaunchScreen.storyboard;
			sourceTree = "<group>";
		};
/* End PBXVariantGroup section */

/* Begin XCBuildConfiguration section */
		4E915CB529A0A0C70077575F /* Debug */ = {
			isa = XCBuildConfiguration;
			buildSettings = {
				ALWAYS_SEARCH_USER_PATHS = NO;
				CLANG_ANALYZER_NONNULL = YES;
				CLANG_ANALYZER_NUMBER_OBJECT_CONVERSION = YES_AGGRESSIVE;
				CLANG_CXX_LANGUAGE_STANDARD = "gnu++20";
				CLANG_ENABLE_MODULES = YES;
				CLANG_ENABLE_OBJC_ARC = YES;
				CLANG_ENABLE_OBJC_WEAK = YES;
				CLANG_WARN_BLOCK_CAPTURE_AUTORELEASING = YES;
				CLANG_WARN_BOOL_CONVERSION = YES;
				CLANG_WARN_COMMA = YES;
				CLANG_WARN_CONSTANT_CONVERSION = YES;
				CLANG_WARN_DEPRECATED_OBJC_IMPLEMENTATIONS = YES;
				CLANG_WARN_DIRECT_OBJC_ISA_USAGE = YES_ERROR;
				CLANG_WARN_DOCUMENTATION_COMMENTS = YES;
				CLANG_WARN_EMPTY_BODY = YES;
				CLANG_WARN_ENUM_CONVERSION = YES;
				CLANG_WARN_INFINITE_RECURSION = YES;
				CLANG_WARN_INT_CONVERSION = YES;
				CLANG_WARN_NON_LITERAL_NULL_CONVERSION = YES;
				CLANG_WARN_OBJC_IMPLICIT_RETAIN_SELF = YES;
				CLANG_WARN_OBJC_LITERAL_CONVERSION = YES;
				CLANG_WARN_OBJC_ROOT_CLASS = YES_ERROR;
				CLANG_WARN_QUOTED_INCLUDE_IN_FRAMEWORK_HEADER = YES;
				CLANG_WARN_RANGE_LOOP_ANALYSIS = YES;
				CLANG_WARN_STRICT_PROTOTYPES = YES;
				CLANG_WARN_SUSPICIOUS_MOVE = YES;
				CLANG_WARN_UNGUARDED_AVAILABILITY = YES_AGGRESSIVE;
				CLANG_WARN_UNREACHABLE_CODE = YES;
				CLANG_WARN__DUPLICATE_METHOD_MATCH = YES;
				COPY_PHASE_STRIP = NO;
				DEBUG_INFORMATION_FORMAT = dwarf;
				ENABLE_STRICT_OBJC_MSGSEND = YES;
				ENABLE_TESTABILITY = YES;
				GCC_C_LANGUAGE_STANDARD = gnu11;
				GCC_DYNAMIC_NO_PIC = NO;
				GCC_NO_COMMON_BLOCKS = YES;
				GCC_OPTIMIZATION_LEVEL = 0;
				GCC_PREPROCESSOR_DEFINITIONS = (
					"DEBUG=1",
					"$(inherited)",
				);
				GCC_WARN_64_TO_32_BIT_CONVERSION = YES;
				GCC_WARN_ABOUT_RETURN_TYPE = YES_ERROR;
				GCC_WARN_UNDECLARED_SELECTOR = YES;
				GCC_WARN_UNINITIALIZED_AUTOS = YES_AGGRESSIVE;
				GCC_WARN_UNUSED_FUNCTION = YES;
				GCC_WARN_UNUSED_VARIABLE = YES;
				IPHONEOS_DEPLOYMENT_TARGET = 16.2;
				MTL_ENABLE_DEBUG_INFO = INCLUDE_SOURCE;
				MTL_FAST_MATH = YES;
				ONLY_ACTIVE_ARCH = YES;
				SDKROOT = iphoneos;
				SWIFT_ACTIVE_COMPILATION_CONDITIONS = DEBUG;
				SWIFT_OPTIMIZATION_LEVEL = "-Onone";
			};
			name = Debug;
		};
		4E915CB629A0A0C70077575F /* Release */ = {
			isa = XCBuildConfiguration;
			buildSettings = {
				ALWAYS_SEARCH_USER_PATHS = NO;
				CLANG_ANALYZER_NONNULL = YES;
				CLANG_ANALYZER_NUMBER_OBJECT_CONVERSION = YES_AGGRESSIVE;
				CLANG_CXX_LANGUAGE_STANDARD = "gnu++20";
				CLANG_ENABLE_MODULES = YES;
				CLANG_ENABLE_OBJC_ARC = YES;
				CLANG_ENABLE_OBJC_WEAK = YES;
				CLANG_WARN_BLOCK_CAPTURE_AUTORELEASING = YES;
				CLANG_WARN_BOOL_CONVERSION = YES;
				CLANG_WARN_COMMA = YES;
				CLANG_WARN_CONSTANT_CONVERSION = YES;
				CLANG_WARN_DEPRECATED_OBJC_IMPLEMENTATIONS = YES;
				CLANG_WARN_DIRECT_OBJC_ISA_USAGE = YES_ERROR;
				CLANG_WARN_DOCUMENTATION_COMMENTS = YES;
				CLANG_WARN_EMPTY_BODY = YES;
				CLANG_WARN_ENUM_CONVERSION = YES;
				CLANG_WARN_INFINITE_RECURSION = YES;
				CLANG_WARN_INT_CONVERSION = YES;
				CLANG_WARN_NON_LITERAL_NULL_CONVERSION = YES;
				CLANG_WARN_OBJC_IMPLICIT_RETAIN_SELF = YES;
				CLANG_WARN_OBJC_LITERAL_CONVERSION = YES;
				CLANG_WARN_OBJC_ROOT_CLASS = YES_ERROR;
				CLANG_WARN_QUOTED_INCLUDE_IN_FRAMEWORK_HEADER = YES;
				CLANG_WARN_RANGE_LOOP_ANALYSIS = YES;
				CLANG_WARN_STRICT_PROTOTYPES = YES;
				CLANG_WARN_SUSPICIOUS_MOVE = YES;
				CLANG_WARN_UNGUARDED_AVAILABILITY = YES_AGGRESSIVE;
				CLANG_WARN_UNREACHABLE_CODE = YES;
				CLANG_WARN__DUPLICATE_METHOD_MATCH = YES;
				COPY_PHASE_STRIP = NO;
				DEBUG_INFORMATION_FORMAT = "dwarf-with-dsym";
				ENABLE_NS_ASSERTIONS = NO;
				ENABLE_STRICT_OBJC_MSGSEND = YES;
				GCC_C_LANGUAGE_STANDARD = gnu11;
				GCC_NO_COMMON_BLOCKS = YES;
				GCC_WARN_64_TO_32_BIT_CONVERSION = YES;
				GCC_WARN_ABOUT_RETURN_TYPE = YES_ERROR;
				GCC_WARN_UNDECLARED_SELECTOR = YES;
				GCC_WARN_UNINITIALIZED_AUTOS = YES_AGGRESSIVE;
				GCC_WARN_UNUSED_FUNCTION = YES;
				GCC_WARN_UNUSED_VARIABLE = YES;
				IPHONEOS_DEPLOYMENT_TARGET = 16.2;
				MTL_ENABLE_DEBUG_INFO = NO;
				MTL_FAST_MATH = YES;
				SDKROOT = iphoneos;
				SWIFT_COMPILATION_MODE = wholemodule;
				SWIFT_OPTIMIZATION_LEVEL = "-O";
				VALIDATE_PRODUCT = YES;
			};
			name = Release;
		};
		4E915CB829A0A0C70077575F /* Debug */ = {
			isa = XCBuildConfiguration;
			buildSettings = {
				ASSETCATALOG_COMPILER_APPICON_NAME = AppIcon;
				ASSETCATALOG_COMPILER_GLOBAL_ACCENT_COLOR_NAME = AccentColor;
				CODE_SIGN_STYLE = Automatic;
				CURRENT_PROJECT_VERSION = 1;
				DEVELOPMENT_TEAM = JG6QWAUQN9;
				GENERATE_INFOPLIST_FILE = YES;
				INFOPLIST_FILE = BMI/Info.plist;
				INFOPLIST_KEY_UIApplicationSupportsIndirectInputEvents = YES;
				INFOPLIST_KEY_UILaunchStoryboardName = LaunchScreen;
				INFOPLIST_KEY_UIMainStoryboardFile = Main;
				INFOPLIST_KEY_UISupportedInterfaceOrientations_iPad = "UIInterfaceOrientationPortrait UIInterfaceOrientationPortraitUpsideDown UIInterfaceOrientationLandscapeLeft UIInterfaceOrientationLandscapeRight";
				INFOPLIST_KEY_UISupportedInterfaceOrientations_iPhone = "UIInterfaceOrientationPortrait UIInterfaceOrientationLandscapeLeft UIInterfaceOrientationLandscapeRight";
				LD_RUNPATH_SEARCH_PATHS = (
					"$(inherited)",
					"@executable_path/Frameworks",
				);
				MARKETING_VERSION = 1.0;
				PRODUCT_BUNDLE_IDENTIFIER = com.swiftlec.BMI;
				PRODUCT_NAME = "$(TARGET_NAME)";
				SWIFT_EMIT_LOC_STRINGS = YES;
				SWIFT_VERSION = 5.0;
				TARGETED_DEVICE_FAMILY = "1,2";
			};
			name = Debug;
		};
		4E915CB929A0A0C70077575F /* Release */ = {
			isa = XCBuildConfiguration;
			buildSettings = {
				ASSETCATALOG_COMPILER_APPICON_NAME = AppIcon;
				ASSETCATALOG_COMPILER_GLOBAL_ACCENT_COLOR_NAME = AccentColor;
				CODE_SIGN_STYLE = Automatic;
				CURRENT_PROJECT_VERSION = 1;
				DEVELOPMENT_TEAM = JG6QWAUQN9;
				GENERATE_INFOPLIST_FILE = YES;
				INFOPLIST_FILE = BMI/Info.plist;
				INFOPLIST_KEY_UIApplicationSupportsIndirectInputEvents = YES;
				INFOPLIST_KEY_UILaunchStoryboardName = LaunchScreen;
				INFOPLIST_KEY_UIMainStoryboardFile = Main;
				INFOPLIST_KEY_UISupportedInterfaceOrientations_iPad = "UIInterfaceOrientationPortrait UIInterfaceOrientationPortraitUpsideDown UIInterfaceOrientationLandscapeLeft UIInterfaceOrientationLandscapeRight";
				INFOPLIST_KEY_UISupportedInterfaceOrientations_iPhone = "UIInterfaceOrientationPortrait UIInterfaceOrientationLandscapeLeft UIInterfaceOrientationLandscapeRight";
				LD_RUNPATH_SEARCH_PATHS = (
					"$(inherited)",
					"@executable_path/Frameworks",
				);
				MARKETING_VERSION = 1.0;
				PRODUCT_BUNDLE_IDENTIFIER = com.swiftlec.BMI;
				PRODUCT_NAME = "$(TARGET_NAME)";
				SWIFT_EMIT_LOC_STRINGS = YES;
				SWIFT_VERSION = 5.0;
				TARGETED_DEVICE_FAMILY = "1,2";
			};
			name = Release;
		};
/* End XCBuildConfiguration section */

/* Begin XCConfigurationList section */
		4E915C9E29A0A0C50077575F /* Build configuration list for PBXProject "BMI" */ = {
			isa = XCConfigurationList;
			buildConfigurations = (
				4E915CB529A0A0C70077575F /* Debug */,
				4E915CB629A0A0C70077575F /* Release */,
			);
			defaultConfigurationIsVisible = 0;
			defaultConfigurationName = Release;
		};
		4E915CB729A0A0C70077575F /* Build configuration list for PBXNativeTarget "BMI" */ = {
			isa = XCConfigurationList;
			buildConfigurations = (
				4E915CB829A0A0C70077575F /* Debug */,
				4E915CB929A0A0C70077575F /* Release */,
			);
			defaultConfigurationIsVisible = 0;
			defaultConfigurationName = Release;
		};
/* End XCConfigurationList section */
	};
	rootObject = 4E915C9B29A0A0C50077575F /* Project object */;
}
